github.com/Sagleft/swiss-knife v1.2.1 h1:zTs9C+UPoTsXymHw8glYBqAdH/KH8a4ire+U3yAqhf0=
github.com/Sagleft/swiss-knife v1.2.1/go.mod h1:qPlA/Y53sIYAyJI+E3StPw3vNSy9rzxAeh03oemFM9g=
github.com/Sagleft/uchatbot-engine v1.5.0 h1:qirJmVUmpfWQHwhkUBHNfF7qNWnJk4KEch2MVWmNEF4=
github.com/Sagleft/uchatbot-engine v1.5.0/go.mod h1:QrSY84Q8qmCaJdw7gt+UP12RWdFfVBO3JcI5tVTEZIU=
github.com/Sagleft/utopialib-go/v2 v2.3.0 h1:bVgspeCLYI/7PIqnTJknXW8bYF4IXLLCzVk2QkTrocA=
github.com/Sagleft/utopialib-go/v2 v2.3.0/go.mod h1:9HuTLrcyVlaNIW3Vw4FCMrlOFt2fJ0ZI8WBOk5+2e6M=
github.com/beefsack/go-rate v0.0.0-20220214233405-116f4ca011a0 h1:0b2vaepXIfMsG++IsjHiI2p4bxALD1Y2nQKGMR5zDQM=
github.com/beefsack/go-rate v0.0.0-20220214233405-116f4ca011a0/go.mod h1:6YNgTHLutezwnBvyneBbwvB8C82y3dcoOj5EQJIdGXA=
github.com/ctengiz/evtwebsocket v0.0.0-20180717104640-fc3583982591 h1:I+6x3CO8LDrWNe6r6L9y3n3dYXGcKO9BKhJ/dVUYcwc=
github.com/ctengiz/evtwebsocket v0.0.0-20180717104640-fc3583982591/go.mod h1:lpk0rZYe7Oil/0fxAXpasQr7TGtHLSoFIYvk7QnpNEM=
github.com/davecgh/go-spew v1.1.1 h1:vj9j/u1bqnvCEfJOwUhtlOARqs3+rkHYY13jYWTU97c=
github.com/fatih/color v1.14.1 h1:qfhVLaG5s+nCROl1zJsZRxFeYrHLqWroPOQ8BWiNb4w=
github.com/fatih/color v1.14.1/go.mod h1:2oHN61fhTpgcxD3TSWCgKDiH1+x4OiDVVGH8WlgGZGg=
github.com/golang/mock v1.6.0 h1:ErTB+efbowRARo13NNdxyJji2egdxLGQhRaY+DUumQc=
github.com/mattn/go-colorable v0.1.13 h1:fFA4WZxdEF4tXPZVKMLwD8oUnCTTo08duU7wxecdEvA=
github.com/mattn/go-colorable v0.1.13/go.mod h1:7S9/ev0klgBDR4GtXTXX8a3vIGJpMovkB8vQcUbaXHg=
github.com/mattn/go-isatty v0.0.16/go.mod h1:kYGgaQfpe5nmfYZH+SKPsOc2e4SrIfOl2e/yFXSvRLM=
github.com/mattn/go-isatty v0.0.17 h1:BTarxUcIeDqL27Mc+vyvdWYSL28zpIhv3RoTdsLMPng=
github.com/mattn/go-isatty v0.0.17/go.mod h1:kYGgaQfpe5nmfYZH+SKPsOc2e4SrIfOl2e/yFXSvRLM=
github.com/pmezard/go-difflib v1.0.0 h1:4DBwDE0NGyQoBHbLQYPwSUPoCMWR5BEzIk/f1lZbAQM=
github.com/sagleft/simple-cron v1.5.0 h1:ecLM1ScefaNN9MPz//CQnW0569zQGQSusFV6EyTqgAk=
github.com/sagleft/simple-cron v1.5.0/go.mod h1:a++6/wI1ZzgYe+lCAKlWBwR8xBYpPl1oXJpa5rUHlJI=
github.com/stretchr/testify v1.8.1 h1:w7B6lhMri9wdJUVmEZPGGhZzrYTPvgJArz7wNPgYKsk=
golang.org/x/net v0.0.0-20220526153639-5463443f8c37 h1:lUkvobShwKsOesNfWWlCS5q7fnbG1MEliIzwu886fn8=
golang.org/x/net v0.0.0-20220526153639-5463443f8c37/go.mod h1:XRhObCWvk6IyKnWLug+ECip1KBveYUHfp+8e9klMJ9c=
golang.org/x/sys v0.0.0-20220811171246-fbc7d0a398ab/go.mod h1:oPkhp1MJrh7nUepCBck5+mAzfO9JrbApNNgaTdGDITg=
golang.org/x/sys v0.3.0 h1:w8ZOecv6NaNa/zC8944JTU3vz4u6Lagfk4RPQxv92NQ=
golang.org/x/sys v0.3.0/go.mod h1:oPkhp1MJrh7nUepCBck5+mAzfO9JrbApNNgaTdGDITg=
gopkg.in/grignaak/tribool.v1 v1.0.0-20150312065122-d6bb19d816df h1:SCh+kVSG+MN/pU/l0/3ehkc3i9T+G6AQS6jEoxM4ddY=
gopkg.in/grignaak/tribool.v1 v1.0.0-20150312065122-d6bb19d816df/go.mod h1:ikoZVciJt+u3It4kEk89OVqIKHPU9BjrgkHSr++TA2w=
gopkg.in/yaml.v3 v3.0.1 h1:fxVm/GzAzEWqLHuvctI91KS9hhNmmWOoWu0XTYJS7CA=
